
Microsoft Visual Studio Solution File, Format Version 12.00
# Visual Studio Version 16
VisualStudioVersion = 16.0.30330.147
MinimumVisualStudioVersion = 10.0.40219.1
Project("{9A19103F-16F7-4668-BE54-9A1E7A4F7556}") = "StudentManagemetStudentService", "StudentManagemetStudentService\StudentManagemetStudentService.csproj", "{67D47F6C-ECB4-4D5E-B805-7C7D9A8A28FD}"
EndProject
Project("{FAE04EC0-301F-11D3-BF4B-00C04F79EFBC}") = "StudentManagementStudentServiceTest", "StudentManagementStudentServiceTest\StudentManagementStudentServiceTest.csproj", "{C0B2C00C-F8CD-41F9-8244-0FB81C1FA67E}"
EndProject
Global
	GlobalSection(SolutionConfigurationPlatforms) = preSolution
		Debug|Any CPU = Debug|Any CPU
		Release|Any CPU = Release|Any CPU
	EndGlobalSection
	GlobalSection(ProjectConfigurationPlatforms) = postSolution
		{67D47F6C-ECB4-4D5E-B805-7C7D9A8A28FD}.Debug|Any CPU.ActiveCfg = Debug|Any CPU
		{67D47F6C-ECB4-4D5E-B805-7C7D9A8A28FD}.Debug|Any CPU.Build.0 = Debug|Any CPU
		{67D47F6C-ECB4-4D5E-B805-7C7D9A8A28FD}.Release|Any CPU.ActiveCfg = Release|Any CPU
		{67D47F6C-ECB4-4D5E-B805-7C7D9A8A28FD}.Release|Any CPU.Build.0 = Release|Any CPU
		{C0B2C00C-F8CD-41F9-8244-0FB81C1FA67E}.Debug|Any CPU.ActiveCfg = Debug|Any CPU
		{C0B2C00C-F8CD-41F9-8244-0FB81C1FA67E}.Debug|Any CPU.Build.0 = Debug|Any CPU
		{C0B2C00C-F8CD-41F9-8244-0FB81C1FA67E}.Release|Any CPU.ActiveCfg = Release|Any CPU
		{C0B2C00C-F8CD-41F9-8244-0FB81C1FA67E}.Release|Any CPU.Build.0 = Release|Any CPU
	EndGlobalSection
	GlobalSection(SolutionProperties) = preSolution
		HideSolutionNode = FALSE
	EndGlobalSection
	GlobalSection(ExtensibilityGlobals) = postSolution
		SolutionGuid = {0D69F19E-4347-4052-BD58-4740FE8E4472}
	EndGlobalSection
EndGlobal
